// !$*UTF8*$!
{
	archiveVersion = 1;
	classes = {
	};
	objectVersion = 45;
	objects = {

/* Begin PBXBuildFile section */
		1D3623260D0F684500981E51 /* InstibotAppDelegate.m in Sources */ = {isa = PBXBuildFile; fileRef = 1D3623250D0F684500981E51 /* InstibotAppDelegate.m */; };
		1D60589B0D05DD56006BFB54 /* main.m in Sources */ = {isa = PBXBuildFile; fileRef = 29B97316FDCFA39411CA2CEA /* main.m */; };
		1D60589F0D05DD5A006BFB54 /* Foundation.framework in Frameworks */ = {isa = PBXBuildFile; fileRef = 1D30AB110D05D00D00671497 /* Foundation.framework */; };
		1DF5F4E00D08C38300B7A737 /* UIKit.framework in Frameworks */ = {isa = PBXBuildFile; fileRef = 1DF5F4DF0D08C38300B7A737 /* UIKit.framework */; };
		288765A50DF7441C002DB57D /* CoreGraphics.framework in Frameworks */ = {isa = PBXBuildFile; fileRef = 288765A40DF7441C002DB57D /* CoreGraphics.framework */; };
		28D7ACF80DDB3853001CB0EB /* InstibotViewController.m in Sources */ = {isa = PBXBuildFile; fileRef = 28D7ACF70DDB3853001CB0EB /* InstibotViewController.m */; };
		D12D573C1339593700BF53D0 /* SSMessagesViewController.m in Sources */ = {isa = PBXBuildFile; fileRef = D12D57371339593700BF53D0 /* SSMessagesViewController.m */; };
		D12D573D1339593700BF53D0 /* SSMessageTableViewCell.m in Sources */ = {isa = PBXBuildFile; fileRef = D12D57391339593700BF53D0 /* SSMessageTableViewCell.m */; };
		D12D573E1339593700BF53D0 /* SSMessageTableViewCellBubbleView.m in Sources */ = {isa = PBXBuildFile; fileRef = D12D573B1339593700BF53D0 /* SSMessageTableViewCellBubbleView.m */; };
		D12D57441339595100BF53D0 /* SSMessagesViewControllerSendButtonBackground.png in Resources */ = {isa = PBXBuildFile; fileRef = D12D57401339595100BF53D0 /* SSMessagesViewControllerSendButtonBackground.png */; };
		D12D57451339595100BF53D0 /* SSMessagesViewControllerTextFieldBackground.png in Resources */ = {isa = PBXBuildFile; fileRef = D12D57411339595100BF53D0 /* SSMessagesViewControllerTextFieldBackground.png */; };
		D12D57861339606900BF53D0 /* libTWToolkit.a in Frameworks */ = {isa = PBXBuildFile; fileRef = D12D57831339604C00BF53D0 /* libTWToolkit.a */; };
		D12D578C1339613500BF53D0 /* Security.framework in Frameworks */ = {isa = PBXBuildFile; fileRef = D12D578B1339613500BF53D0 /* Security.framework */; };
		D12D6204133E35D600BF53D0 /* UPMessageTableViewCellBubbleView.m in Sources */ = {isa = PBXBuildFile; fileRef = D12D6203133E35D600BF53D0 /* UPMessageTableViewCellBubbleView.m */; };
		D12D620A133E361B00BF53D0 /* Balloon_1~iphone@2x.png in Resources */ = {isa = PBXBuildFile; fileRef = D12D6206133E361B00BF53D0 /* Balloon_1~iphone@2x.png */; };
		D12D620C133E361B00BF53D0 /* Balloon_2~iphone@2x.png in Resources */ = {isa = PBXBuildFile; fileRef = D12D6208133E361B00BF53D0 /* Balloon_2~iphone@2x.png */; };
		D12D621E133E39A900BF53D0 /* UPMessageTableViewCell.m in Sources */ = {isa = PBXBuildFile; fileRef = D12D621D133E39A900BF53D0 /* UPMessageTableViewCell.m */; };
		D18C778F1326F57B003974AA /* QuartzCore.framework in Frameworks */ = {isa = PBXBuildFile; fileRef = D18C778E1326F57B003974AA /* QuartzCore.framework */; };
		D18C779D1326F635003974AA /* MainWindow.xib in Resources */ = {isa = PBXBuildFile; fileRef = D18C779B1326F635003974AA /* MainWindow.xib */; };
/* End PBXBuildFile section */

/* Begin PBXContainerItemProxy section */
		D12D57821339604C00BF53D0 /* PBXContainerItemProxy */ = {
			isa = PBXContainerItemProxy;
			containerPortal = D12D57481339596800BF53D0 /* SSToolkit.xcodeproj */;
			proxyType = 2;
			remoteGlobalIDString = D2AAC07E0554694100DB518D;
			remoteInfo = SSToolkit;
		};
		D12D57841339606000BF53D0 /* PBXContainerItemProxy */ = {
			isa = PBXContainerItemProxy;
			containerPortal = D12D57481339596800BF53D0 /* SSToolkit.xcodeproj */;
			proxyType = 1;
			remoteGlobalIDString = D2AAC07D0554694100DB518D;
			remoteInfo = SSToolkit;
		};
/* End PBXContainerItemProxy section */

/* Begin PBXFileReference section */
		1D30AB110D05D00D00671497 /* Foundation.framework */ = {isa = PBXFileReference; lastKnownFileType = wrapper.framework; name = Foundation.framework; path = System/Library/Frameworks/Foundation.framework; sourceTree = SDKROOT; };
		1D3623240D0F684500981E51 /* InstibotAppDelegate.h */ = {isa = PBXFileReference; fileEncoding = 4; lastKnownFileType = sourcecode.c.h; path = InstibotAppDelegate.h; sourceTree = "<group>"; };
		1D3623250D0F684500981E51 /* InstibotAppDelegate.m */ = {isa = PBXFileReference; fileEncoding = 4; lastKnownFileType = sourcecode.c.objc; path = InstibotAppDelegate.m; sourceTree = "<group>"; };
		1D6058910D05DD3D006BFB54 /* instiBot.app */ = {isa = PBXFileReference; explicitFileType = wrapper.application; includeInIndex = 0; path = instiBot.app; sourceTree = BUILT_PRODUCTS_DIR; };
		1DF5F4DF0D08C38300B7A737 /* UIKit.framework */ = {isa = PBXFileReference; lastKnownFileType = wrapper.framework; name = UIKit.framework; path = System/Library/Frameworks/UIKit.framework; sourceTree = SDKROOT; };
		288765A40DF7441C002DB57D /* CoreGraphics.framework */ = {isa = PBXFileReference; lastKnownFileType = wrapper.framework; name = CoreGraphics.framework; path = System/Library/Frameworks/CoreGraphics.framework; sourceTree = SDKROOT; };
		28D7ACF60DDB3853001CB0EB /* InstibotViewController.h */ = {isa = PBXFileReference; fileEncoding = 4; lastKnownFileType = sourcecode.c.h; path = InstibotViewController.h; sourceTree = "<group>"; };
		28D7ACF70DDB3853001CB0EB /* InstibotViewController.m */ = {isa = PBXFileReference; fileEncoding = 4; lastKnownFileType = sourcecode.c.objc; path = InstibotViewController.m; sourceTree = "<group>"; };
		29B97316FDCFA39411CA2CEA /* main.m */ = {isa = PBXFileReference; fileEncoding = 4; lastKnownFileType = sourcecode.c.objc; path = main.m; sourceTree = "<group>"; };
		32CA4F630368D1EE00C91783 /* instiBot_Prefix.pch */ = {isa = PBXFileReference; fileEncoding = 4; lastKnownFileType = sourcecode.c.h; path = instiBot_Prefix.pch; sourceTree = "<group>"; };
		8D1107310486CEB800E47090 /* instiBot-Info.plist */ = {isa = PBXFileReference; fileEncoding = 4; lastKnownFileType = text.plist.xml; path = "instiBot-Info.plist"; plistStructureDefinitionIdentifier = "com.apple.xcode.plist.structure-definition.iphone.info-plist"; sourceTree = "<group>"; };
		D12D57361339593700BF53D0 /* SSMessagesViewController.h */ = {isa = PBXFileReference; fileEncoding = 4; lastKnownFileType = sourcecode.c.h; name = SSMessagesViewController.h; path = ssmessagesviewcontroller/Classes/SSMessagesViewController.h; sourceTree = SOURCE_ROOT; };
		D12D57371339593700BF53D0 /* SSMessagesViewController.m */ = {isa = PBXFileReference; fileEncoding = 4; lastKnownFileType = sourcecode.c.objc; name = SSMessagesViewController.m; path = ssmessagesviewcontroller/Classes/SSMessagesViewController.m; sourceTree = SOURCE_ROOT; };
		D12D57381339593700BF53D0 /* SSMessageTableViewCell.h */ = {isa = PBXFileReference; fileEncoding = 4; lastKnownFileType = sourcecode.c.h; name = SSMessageTableViewCell.h; path = ssmessagesviewcontroller/Classes/SSMessageTableViewCell.h; sourceTree = SOURCE_ROOT; };
		D12D57391339593700BF53D0 /* SSMessageTableViewCell.m */ = {isa = PBXFileReference; fileEncoding = 4; lastKnownFileType = sourcecode.c.objc; name = SSMessageTableViewCell.m; path = ssmessagesviewcontroller/Classes/SSMessageTableViewCell.m; sourceTree = SOURCE_ROOT; };
		D12D573A1339593700BF53D0 /* SSMessageTableViewCellBubbleView.h */ = {isa = PBXFileReference; fileEncoding = 4; lastKnownFileType = sourcecode.c.h; name = SSMessageTableViewCellBubbleView.h; path = ssmessagesviewcontroller/Classes/SSMessageTableViewCellBubbleView.h; sourceTree = SOURCE_ROOT; };
		D12D573B1339593700BF53D0 /* SSMessageTableViewCellBubbleView.m */ = {isa = PBXFileReference; fileEncoding = 4; lastKnownFileType = sourcecode.c.objc; name = SSMessageTableViewCellBubbleView.m; path = ssmessagesviewcontroller/Classes/SSMessageTableViewCellBubbleView.m; sourceTree = SOURCE_ROOT; };
		D12D57401339595100BF53D0 /* SSMessagesViewControllerSendButtonBackground.png */ = {isa = PBXFileReference; lastKnownFileType = image.png; path = SSMessagesViewControllerSendButtonBackground.png; sourceTree = "<group>"; };
		D12D57411339595100BF53D0 /* SSMessagesViewControllerTextFieldBackground.png */ = {isa = PBXFileReference; lastKnownFileType = image.png; path = SSMessagesViewControllerTextFieldBackground.png; sourceTree = "<group>"; };
		D12D57481339596800BF53D0 /* SSToolkit.xcodeproj */ = {isa = PBXFileReference; lastKnownFileType = "wrapper.pb-project"; name = SSToolkit.xcodeproj; path = ssmessagesviewcontroller/Demo/SSToolkit/SSToolkit.xcodeproj; sourceTree = SOURCE_ROOT; };
		D12D578B1339613500BF53D0 /* Security.framework */ = {isa = PBXFileReference; lastKnownFileType = wrapper.framework; name = Security.framework; path = System/Library/Frameworks/Security.framework; sourceTree = SDKROOT; };
		D12D6202133E35D600BF53D0 /* UPMessageTableViewCellBubbleView.h */ = {isa = PBXFileReference; fileEncoding = 4; lastKnownFileType = sourcecode.c.h; path = UPMessageTableViewCellBubbleView.h; sourceTree = "<group>"; };
		D12D6203133E35D600BF53D0 /* UPMessageTableViewCellBubbleView.m */ = {isa = PBXFileReference; fileEncoding = 4; lastKnownFileType = sourcecode.c.objc; path = UPMessageTableViewCellBubbleView.m; sourceTree = "<group>"; };
		D12D6206133E361B00BF53D0 /* Balloon_1~iphone@2x.png */ = {isa = PBXFileReference; lastKnownFileType = image.png; name = "Balloon_1~iphone@2x.png"; path = "images/Balloon_1~iphone@2x.png"; sourceTree = SOURCE_ROOT; };
		D12D6208133E361B00BF53D0 /* Balloon_2~iphone@2x.png */ = {isa = PBXFileReference; lastKnownFileType = image.png; name = "Balloon_2~iphone@2x.png"; path = "images/Balloon_2~iphone@2x.png"; sourceTree = SOURCE_ROOT; };
		D12D621C133E39A900BF53D0 /* UPMessageTableViewCell.h */ = {isa = PBXFileReference; fileEncoding = 4; lastKnownFileType = sourcecode.c.h; path = UPMessageTableViewCell.h; sourceTree = "<group>"; };
		D12D621D133E39A900BF53D0 /* UPMessageTableViewCell.m */ = {isa = PBXFileReference; fileEncoding = 4; lastKnownFileType = sourcecode.c.objc; path = UPMessageTableViewCell.m; sourceTree = "<group>"; };
		D18C778E1326F57B003974AA /* QuartzCore.framework */ = {isa = PBXFileReference; lastKnownFileType = wrapper.framework; name = QuartzCore.framework; path = System/Library/Frameworks/QuartzCore.framework; sourceTree = SDKROOT; };
		D18C779B1326F635003974AA /* MainWindow.xib */ = {isa = PBXFileReference; lastKnownFileType = file.xib; path = MainWindow.xib; sourceTree = "<group>"; };
/* End PBXFileReference section */

/* Begin PBXFrameworksBuildPhase section */
		1D60588F0D05DD3D006BFB54 /* Frameworks */ = {
			isa = PBXFrameworksBuildPhase;
			buildActionMask = 2147483647;
			files = (
				1D60589F0D05DD5A006BFB54 /* Foundation.framework in Frameworks */,
				1DF5F4E00D08C38300B7A737 /* UIKit.framework in Frameworks */,
				288765A50DF7441C002DB57D /* CoreGraphics.framework in Frameworks */,
				D18C778F1326F57B003974AA /* QuartzCore.framework in Frameworks */,
				D12D57861339606900BF53D0 /* libTWToolkit.a in Frameworks */,
				D12D578C1339613500BF53D0 /* Security.framework in Frameworks */,
			);
			runOnlyForDeploymentPostprocessing = 0;
		};
/* End PBXFrameworksBuildPhase section */

/* Begin PBXGroup section */
		080E96DDFE201D6D7F000001 /* Classes */ = {
			isa = PBXGroup;
			children = (
				1D3623240D0F684500981E51 /* InstibotAppDelegate.h */,
				1D3623250D0F684500981E51 /* InstibotAppDelegate.m */,
				28D7ACF60DDB3853001CB0EB /* InstibotViewController.h */,
				28D7ACF70DDB3853001CB0EB /* InstibotViewController.m */,
				D12D57361339593700BF53D0 /* SSMessagesViewController.h */,
				D12D57371339593700BF53D0 /* SSMessagesViewController.m */,
				D12D57381339593700BF53D0 /* SSMessageTableViewCell.h */,
				D12D57391339593700BF53D0 /* SSMessageTableViewCell.m */,
				D12D573A1339593700BF53D0 /* SSMessageTableViewCellBubbleView.h */,
				D12D573B1339593700BF53D0 /* SSMessageTableViewCellBubbleView.m */,
				D12D6202133E35D600BF53D0 /* UPMessageTableViewCellBubbleView.h */,
				D12D6203133E35D600BF53D0 /* UPMessageTableViewCellBubbleView.m */,
				D12D621C133E39A900BF53D0 /* UPMessageTableViewCell.h */,
				D12D621D133E39A900BF53D0 /* UPMessageTableViewCell.m */,
			);
			path = Classes;
			sourceTree = "<group>";
		};
		19C28FACFE9D520D11CA2CBB /* Products */ = {
			isa = PBXGroup;
			children = (
				1D6058910D05DD3D006BFB54 /* instiBot.app */,
			);
			name = Products;
			sourceTree = "<group>";
		};
		29B97314FDCFA39411CA2CEA /* CustomTemplate */ = {
			isa = PBXGroup;
			children = (
				080E96DDFE201D6D7F000001 /* Classes */,
				29B97315FDCFA39411CA2CEA /* Other Sources */,
				29B97317FDCFA39411CA2CEA /* Resources */,
				29B97323FDCFA39411CA2CEA /* Frameworks */,
				19C28FACFE9D520D11CA2CBB /* Products */,
			);
			name = CustomTemplate;
			sourceTree = "<group>";
		};
		29B97315FDCFA39411CA2CEA /* Other Sources */ = {
			isa = PBXGroup;
			children = (
				32CA4F630368D1EE00C91783 /* instiBot_Prefix.pch */,
				29B97316FDCFA39411CA2CEA /* main.m */,
			);
			name = "Other Sources";
			sourceTree = "<group>";
		};
		29B97317FDCFA39411CA2CEA /* Resources */ = {
			isa = PBXGroup;
			children = (
				D12D573F1339595100BF53D0 /* Images */,
				D18C77991326F635003974AA /* nibs */,
				8D1107310486CEB800E47090 /* instiBot-Info.plist */,
			);
			name = Resources;
			sourceTree = "<group>";
		};
		29B97323FDCFA39411CA2CEA /* Frameworks */ = {
			isa = PBXGroup;
			children = (
				D12D57481339596800BF53D0 /* SSToolkit.xcodeproj */,
				1DF5F4DF0D08C38300B7A737 /* UIKit.framework */,
				1D30AB110D05D00D00671497 /* Foundation.framework */,
				288765A40DF7441C002DB57D /* CoreGraphics.framework */,
				D18C778E1326F57B003974AA /* QuartzCore.framework */,
				D12D578B1339613500BF53D0 /* Security.framework */,
			);
			name = Frameworks;
			sourceTree = "<group>";
		};
		D12D573F1339595100BF53D0 /* Images */ = {
			isa = PBXGroup;
			children = (
				D12D6206133E361B00BF53D0 /* Balloon_1~iphone@2x.png */,
				D12D6208133E361B00BF53D0 /* Balloon_2~iphone@2x.png */,
				D12D57401339595100BF53D0 /* SSMessagesViewControllerSendButtonBackground.png */,
				D12D57411339595100BF53D0 /* SSMessagesViewControllerTextFieldBackground.png */,
			);
			name = Images;
			path = ssmessagesviewcontroller/Images;
			sourceTree = "<group>";
		};
		D12D577F1339604C00BF53D0 /* Products */ = {
			isa = PBXGroup;
			children = (
				D12D57831339604C00BF53D0 /* libTWToolkit.a */,
			);
			name = Products;
			sourceTree = "<group>";
		};
		D18C77991326F635003974AA /* nibs */ = {
			isa = PBXGroup;
			children = (
				D18C779B1326F635003974AA /* MainWindow.xib */,
			);
			path = nibs;
			sourceTree = "<group>";
		};
/* End PBXGroup section */

/* Begin PBXNativeTarget section */
		1D6058900D05DD3D006BFB54 /* instiBot */ = {
			isa = PBXNativeTarget;
			buildConfigurationList = 1D6058960D05DD3E006BFB54 /* Build configuration list for PBXNativeTarget "instiBot" */;
			buildPhases = (
				1D60588D0D05DD3D006BFB54 /* Resources */,
				1D60588E0D05DD3D006BFB54 /* Sources */,
				1D60588F0D05DD3D006BFB54 /* Frameworks */,
			);
			buildRules = (
			);
			dependencies = (
				D12D57851339606000BF53D0 /* PBXTargetDependency */,
			);
			name = instiBot;
			productName = instiBot;
			productReference = 1D6058910D05DD3D006BFB54 /* instiBot.app */;
			productType = "com.apple.product-type.application";
		};
/* End PBXNativeTarget section */

/* Begin PBXProject section */
		29B97313FDCFA39411CA2CEA /* Project object */ = {
			isa = PBXProject;
			buildConfigurationList = C01FCF4E08A954540054247B /* Build configuration list for PBXProject "instiBot" */;
			compatibilityVersion = "Xcode 3.1";
			developmentRegion = English;
			hasScannedForEncodings = 1;
			knownRegions = (
				English,
				Japanese,
				French,
				German,
			);
			mainGroup = 29B97314FDCFA39411CA2CEA /* CustomTemplate */;
			projectDirPath = "";
			projectReferences = (
				{
					ProductGroup = D12D577F1339604C00BF53D0 /* Products */;
					ProjectRef = D12D57481339596800BF53D0 /* SSToolkit.xcodeproj */;
				},
			);
			projectRoot = "";
			targets = (
				1D6058900D05DD3D006BFB54 /* instiBot */,
			);
		};
/* End PBXProject section */

/* Begin PBXReferenceProxy section */
		D12D57831339604C00BF53D0 /* libTWToolkit.a */ = {
			isa = PBXReferenceProxy;
			fileType = archive.ar;
			path = libTWToolkit.a;
			remoteRef = D12D57821339604C00BF53D0 /* PBXContainerItemProxy */;
			sourceTree = BUILT_PRODUCTS_DIR;
		};
/* End PBXReferenceProxy section */

/* Begin PBXResourcesBuildPhase section */
		1D60588D0D05DD3D006BFB54 /* Resources */ = {
			isa = PBXResourcesBuildPhase;
			buildActionMask = 2147483647;
			files = (
				D18C779D1326F635003974AA /* MainWindow.xib in Resources */,
				D12D57441339595100BF53D0 /* SSMessagesViewControllerSendButtonBackground.png in Resources */,
				D12D57451339595100BF53D0 /* SSMessagesViewControllerTextFieldBackground.png in Resources */,
				D12D620A133E361B00BF53D0 /* Balloon_1~iphone@2x.png in Resources */,
				D12D620C133E361B00BF53D0 /* Balloon_2~iphone@2x.png in Resources */,
			);
			runOnlyForDeploymentPostprocessing = 0;
		};
/* End PBXResourcesBuildPhase section */

/* Begin PBXSourcesBuildPhase section */
		1D60588E0D05DD3D006BFB54 /* Sources */ = {
			isa = PBXSourcesBuildPhase;
			buildActionMask = 2147483647;
			files = (
				1D60589B0D05DD56006BFB54 /* main.m in Sources */,
				1D3623260D0F684500981E51 /* InstibotAppDelegate.m in Sources */,
				28D7ACF80DDB3853001CB0EB /* InstibotViewController.m in Sources */,
				D12D573C1339593700BF53D0 /* SSMessagesViewController.m in Sources */,
				D12D573D1339593700BF53D0 /* SSMessageTableViewCell.m in Sources */,
				D12D573E1339593700BF53D0 /* SSMessageTableViewCellBubbleView.m in Sources */,
				D12D6204133E35D600BF53D0 /* UPMessageTableViewCellBubbleView.m in Sources */,
				D12D621E133E39A900BF53D0 /* UPMessageTableViewCell.m in Sources */,
			);
			runOnlyForDeploymentPostprocessing = 0;
		};
/* End PBXSourcesBuildPhase section */

/* Begin PBXTargetDependency section */
		D12D57851339606000BF53D0 /* PBXTargetDependency */ = {
			isa = PBXTargetDependency;
			name = SSToolkit;
			targetProxy = D12D57841339606000BF53D0 /* PBXContainerItemProxy */;
		};
/* End PBXTargetDependency section */

/* Begin XCBuildConfiguration section */
		1D6058940D05DD3E006BFB54 /* Debug */ = {
			isa = XCBuildConfiguration;
			buildSettings = {
				ALWAYS_SEARCH_USER_PATHS = NO;
				COPY_PHASE_STRIP = NO;
				GCC_DYNAMIC_NO_PIC = NO;
				GCC_OPTIMIZATION_LEVEL = 0;
				GCC_PRECOMPILE_PREFIX_HEADER = YES;
				GCC_PREFIX_HEADER = instiBot_Prefix.pch;
				HEADER_SEARCH_PATHS = ssmessagesviewcontroller/Demo/SSToolkit/;
				INFOPLIST_FILE = "instiBot-Info.plist";
				PRODUCT_NAME = instiBot;
			};
			name = Debug;
		};
		1D6058950D05DD3E006BFB54 /* Release */ = {
			isa = XCBuildConfiguration;
			buildSettings = {
				ALWAYS_SEARCH_USER_PATHS = NO;
				COPY_PHASE_STRIP = YES;
				GCC_PRECOMPILE_PREFIX_HEADER = YES;
				GCC_PREFIX_HEADER = instiBot_Prefix.pch;
				HEADER_SEARCH_PATHS = ssmessagesviewcontroller/Demo/SSToolkit/;
				INFOPLIST_FILE = "instiBot-Info.plist";
				PRODUCT_NAME = instiBot;
				VALIDATE_PRODUCT = YES;
			};
			name = Release;
		};
		C01FCF4F08A954540054247B /* Debug */ = {
			isa = XCBuildConfiguration;
			buildSettings = {
				ALWAYS_SEARCH_USER_PATHS = NO;
				ARCHS = "$(ARCHS_STANDARD_32_BIT)";
				"CODE_SIGN_IDENTITY[sdk=iphoneos*]" = "iPhone Developer";
				GCC_C_LANGUAGE_STANDARD = c99;
				GCC_WARN_ABOUT_RETURN_TYPE = YES;
				GCC_WARN_UNUSED_VARIABLE = YES;
				HEADER_SEARCH_PATHS = ssmessagesviewcontroller/Demo/SSToolkit/;
				OTHER_LDFLAGS = (
					"-all_load",
					"-ObjC",
				);
				PREBINDING = NO;
				SDKROOT = iphoneos;
			};
			name = Debug;
		};
		C01FCF5008A954540054247B /* Release */ = {
			isa = XCBuildConfiguration;
			buildSettings = {
				ALWAYS_SEARCH_USER_PATHS = NO;
				ARCHS = "$(ARCHS_STANDARD_32_BIT)";
				"CODE_SIGN_IDENTITY[sdk=iphoneos*]" = "iPhone Developer";
				GCC_C_LANGUAGE_STANDARD = c99;
				GCC_WARN_ABOUT_RETURN_TYPE = YES;
				GCC_WARN_UNUSED_VARIABLE = YES;
				HEADER_SEARCH_PATHS = ssmessagesviewcontroller/Demo/SSToolkit/;
				OTHER_CFLAGS = "-DNS_BLOCK_ASSERTIONS=1";
				OTHER_LDFLAGS = (
					"-all_load",
					"-ObjC",
				);
				PREBINDING = NO;
				SDKROOT = iphoneos;
			};
			name = Release;
		};
/* End XCBuildConfiguration section */

/* Begin XCConfigurationList section */
		1D6058960D05DD3E006BFB54 /* Build configuration list for PBXNativeTarget "instiBot" */ = {
			isa = XCConfigurationList;
			buildConfigurations = (
				1D6058940D05DD3E006BFB54 /* Debug */,
				1D6058950D05DD3E006BFB54 /* Release */,
			);
			defaultConfigurationIsVisible = 0;
			defaultConfigurationName = Release;
		};
		C01FCF4E08A954540054247B /* Build configuration list for PBXProject "instiBot" */ = {
			isa = XCConfigurationList;
			buildConfigurations = (
				C01FCF4F08A954540054247B /* Debug */,
				C01FCF5008A954540054247B /* Release */,
			);
			defaultConfigurationIsVisible = 0;
			defaultConfigurationName = Release;
		};
/* End XCConfigurationList section */
	};
	rootObject = 29B97313FDCFA39411CA2CEA /* Project object */;
}
