// !$*UTF8*$!
{
	archiveVersion = 1;
	classes = {
	};
	objectVersion = 45;
	objects = {

/* Begin PBXBuildFile section */
		1D3623260D0F684500981E51 /* InstibotAppDelegate.m in Sources */ = {isa = PBXBuildFile; fileRef = 1D3623250D0F684500981E51 /* InstibotAppDelegate.m */; };
		1D60589B0D05DD56006BFB54 /* main.m in Sources */ = {isa = PBXBuildFile; fileRef = 29B97316FDCFA39411CA2CEA /* main.m */; };
		1D60589F0D05DD5A006BFB54 /* Foundation.framework in Frameworks */ = {isa = PBXBuildFile; fileRef = 1D30AB110D05D00D00671497 /* Foundation.framework */; };
		1DF5F4E00D08C38300B7A737 /* UIKit.framework in Frameworks */ = {isa = PBXBuildFile; fileRef = 1DF5F4DF0D08C38300B7A737 /* UIKit.framework */; };
		288765A50DF7441C002DB57D /* CoreGraphics.framework in Frameworks */ = {isa = PBXBuildFile; fileRef = 288765A40DF7441C002DB57D /* CoreGraphics.framework */; };
		D12D578C1339613500BF53D0 /* Security.framework in Frameworks */ = {isa = PBXBuildFile; fileRef = D12D578B1339613500BF53D0 /* Security.framework */; };
		D12D6271133E42F500BF53D0 /* UPMessagesViewController.m in Sources */ = {isa = PBXBuildFile; fileRef = D12D626F133E42F500BF53D0 /* UPMessagesViewController.m */; };
		D12D6275133E441A00BF53D0 /* UPMessagesViewController.xib in Resources */ = {isa = PBXBuildFile; fileRef = D12D6274133E441A00BF53D0 /* UPMessagesViewController.xib */; };
		D12D629E133E47BA00BF53D0 /* UPMessageInputField.m in Sources */ = {isa = PBXBuildFile; fileRef = D12D629D133E47BA00BF53D0 /* UPMessageInputField.m */; };
		D12D6544133EAA3800BF53D0 /* 1000px-Universität_Potsdam_logo.svg.png in Resources */ = {isa = PBXBuildFile; fileRef = D12D6535133EAA3800BF53D0 /* 1000px-Universität_Potsdam_logo.svg.png */; };
		D12D6545133EAA3800BF53D0 /* Balloon_1.png in Resources */ = {isa = PBXBuildFile; fileRef = D12D6536133EAA3800BF53D0 /* Balloon_1.png */; };
		D12D6546133EAA3800BF53D0 /* Balloon_1@2x.png in Resources */ = {isa = PBXBuildFile; fileRef = D12D6537133EAA3800BF53D0 /* Balloon_1@2x.png */; };
		D12D6547133EAA3800BF53D0 /* Balloon_2.png in Resources */ = {isa = PBXBuildFile; fileRef = D12D6538133EAA3800BF53D0 /* Balloon_2.png */; };
		D12D6548133EAA3800BF53D0 /* Balloon_2@2x.png in Resources */ = {isa = PBXBuildFile; fileRef = D12D6539133EAA3800BF53D0 /* Balloon_2@2x.png */; };
		D12D6549133EAA3800BF53D0 /* BalloonInputField.png in Resources */ = {isa = PBXBuildFile; fileRef = D12D653A133EAA3800BF53D0 /* BalloonInputField.png */; };
		D12D654A133EAA3800BF53D0 /* BalloonInputField@2x.png in Resources */ = {isa = PBXBuildFile; fileRef = D12D653B133EAA3800BF53D0 /* BalloonInputField@2x.png */; };
		D12D654B133EAA3800BF53D0 /* input-field-cover.png in Resources */ = {isa = PBXBuildFile; fileRef = D12D653C133EAA3800BF53D0 /* input-field-cover.png */; };
		D12D654C133EAA3800BF53D0 /* input-field-cover@2x.png in Resources */ = {isa = PBXBuildFile; fileRef = D12D653D133EAA3800BF53D0 /* input-field-cover@2x.png */; };
		D12D654D133EAA3800BF53D0 /* MessageEntryBG.png in Resources */ = {isa = PBXBuildFile; fileRef = D12D653E133EAA3800BF53D0 /* MessageEntryBG.png */; };
		D12D654E133EAA3800BF53D0 /* MessageEntryBG@2x.png in Resources */ = {isa = PBXBuildFile; fileRef = D12D653F133EAA3800BF53D0 /* MessageEntryBG@2x.png */; };
		D12D654F133EAA3800BF53D0 /* SendButton.png in Resources */ = {isa = PBXBuildFile; fileRef = D12D6540133EAA3800BF53D0 /* SendButton.png */; };
		D12D6550133EAA3800BF53D0 /* SendButton@2x.png in Resources */ = {isa = PBXBuildFile; fileRef = D12D6541133EAA3800BF53D0 /* SendButton@2x.png */; };
		D12D6551133EAA3800BF53D0 /* SendButtonPressed.png in Resources */ = {isa = PBXBuildFile; fileRef = D12D6542133EAA3800BF53D0 /* SendButtonPressed.png */; };
		D12D6552133EAA3800BF53D0 /* SendButtonPressed@2x.png in Resources */ = {isa = PBXBuildFile; fileRef = D12D6543133EAA3800BF53D0 /* SendButtonPressed@2x.png */; };
		D18C778F1326F57B003974AA /* QuartzCore.framework in Frameworks */ = {isa = PBXBuildFile; fileRef = D18C778E1326F57B003974AA /* QuartzCore.framework */; };
		D18C779D1326F635003974AA /* MainWindow.xib in Resources */ = {isa = PBXBuildFile; fileRef = D18C779B1326F635003974AA /* MainWindow.xib */; };
		D1BE672D1349229100B448CA /* UPMessageTableViewCell.m in Sources */ = {isa = PBXBuildFile; fileRef = D1BE672C1349229100B448CA /* UPMessageTableViewCell.m */; };
/* End PBXBuildFile section */

/* Begin PBXFileReference section */
		1D30AB110D05D00D00671497 /* Foundation.framework */ = {isa = PBXFileReference; lastKnownFileType = wrapper.framework; name = Foundation.framework; path = System/Library/Frameworks/Foundation.framework; sourceTree = SDKROOT; };
		1D3623240D0F684500981E51 /* InstibotAppDelegate.h */ = {isa = PBXFileReference; fileEncoding = 4; lastKnownFileType = sourcecode.c.h; path = InstibotAppDelegate.h; sourceTree = "<group>"; };
		1D3623250D0F684500981E51 /* InstibotAppDelegate.m */ = {isa = PBXFileReference; fileEncoding = 4; lastKnownFileType = sourcecode.c.objc; path = InstibotAppDelegate.m; sourceTree = "<group>"; };
		1D6058910D05DD3D006BFB54 /* instiBot.app */ = {isa = PBXFileReference; explicitFileType = wrapper.application; includeInIndex = 0; path = instiBot.app; sourceTree = BUILT_PRODUCTS_DIR; };
		1DF5F4DF0D08C38300B7A737 /* UIKit.framework */ = {isa = PBXFileReference; lastKnownFileType = wrapper.framework; name = UIKit.framework; path = System/Library/Frameworks/UIKit.framework; sourceTree = SDKROOT; };
		288765A40DF7441C002DB57D /* CoreGraphics.framework */ = {isa = PBXFileReference; lastKnownFileType = wrapper.framework; name = CoreGraphics.framework; path = System/Library/Frameworks/CoreGraphics.framework; sourceTree = SDKROOT; };
		29B97316FDCFA39411CA2CEA /* main.m */ = {isa = PBXFileReference; fileEncoding = 4; lastKnownFileType = sourcecode.c.objc; path = main.m; sourceTree = "<group>"; };
		32CA4F630368D1EE00C91783 /* instiBot_Prefix.pch */ = {isa = PBXFileReference; fileEncoding = 4; lastKnownFileType = sourcecode.c.h; path = instiBot_Prefix.pch; sourceTree = "<group>"; };
		8D1107310486CEB800E47090 /* instiBot-Info.plist */ = {isa = PBXFileReference; fileEncoding = 4; lastKnownFileType = text.plist.xml; path = "instiBot-Info.plist"; plistStructureDefinitionIdentifier = "com.apple.xcode.plist.structure-definition.iphone.info-plist"; sourceTree = "<group>"; };
		D12D578B1339613500BF53D0 /* Security.framework */ = {isa = PBXFileReference; lastKnownFileType = wrapper.framework; name = Security.framework; path = System/Library/Frameworks/Security.framework; sourceTree = SDKROOT; };
		D12D626E133E42F500BF53D0 /* UPMessagesViewController.h */ = {isa = PBXFileReference; fileEncoding = 4; lastKnownFileType = sourcecode.c.h; path = UPMessagesViewController.h; sourceTree = "<group>"; };
		D12D626F133E42F500BF53D0 /* UPMessagesViewController.m */ = {isa = PBXFileReference; fileEncoding = 4; lastKnownFileType = sourcecode.c.objc; path = UPMessagesViewController.m; sourceTree = "<group>"; };
		D12D6274133E441A00BF53D0 /* UPMessagesViewController.xib */ = {isa = PBXFileReference; lastKnownFileType = file.xib; name = UPMessagesViewController.xib; path = nibs/UPMessagesViewController.xib; sourceTree = SOURCE_ROOT; };
		D12D629C133E47BA00BF53D0 /* UPMessageInputField.h */ = {isa = PBXFileReference; fileEncoding = 4; lastKnownFileType = sourcecode.c.h; path = UPMessageInputField.h; sourceTree = "<group>"; };
		D12D629D133E47BA00BF53D0 /* UPMessageInputField.m */ = {isa = PBXFileReference; fileEncoding = 4; lastKnownFileType = sourcecode.c.objc; path = UPMessageInputField.m; sourceTree = "<group>"; };
		D12D6535133EAA3800BF53D0 /* 1000px-Universität_Potsdam_logo.svg.png */ = {isa = PBXFileReference; lastKnownFileType = image.png; path = "1000px-Universität_Potsdam_logo.svg.png"; sourceTree = "<group>"; };
		D12D6536133EAA3800BF53D0 /* Balloon_1.png */ = {isa = PBXFileReference; lastKnownFileType = image.png; path = Balloon_1.png; sourceTree = "<group>"; };
		D12D6537133EAA3800BF53D0 /* Balloon_1@2x.png */ = {isa = PBXFileReference; lastKnownFileType = image.png; path = "Balloon_1@2x.png"; sourceTree = "<group>"; };
		D12D6538133EAA3800BF53D0 /* Balloon_2.png */ = {isa = PBXFileReference; lastKnownFileType = image.png; path = Balloon_2.png; sourceTree = "<group>"; };
		D12D6539133EAA3800BF53D0 /* Balloon_2@2x.png */ = {isa = PBXFileReference; lastKnownFileType = image.png; path = "Balloon_2@2x.png"; sourceTree = "<group>"; };
		D12D653A133EAA3800BF53D0 /* BalloonInputField.png */ = {isa = PBXFileReference; lastKnownFileType = image.png; path = BalloonInputField.png; sourceTree = "<group>"; };
		D12D653B133EAA3800BF53D0 /* BalloonInputField@2x.png */ = {isa = PBXFileReference; lastKnownFileType = image.png; path = "BalloonInputField@2x.png"; sourceTree = "<group>"; };
		D12D653C133EAA3800BF53D0 /* input-field-cover.png */ = {isa = PBXFileReference; lastKnownFileType = image.png; path = "input-field-cover.png"; sourceTree = "<group>"; };
		D12D653D133EAA3800BF53D0 /* input-field-cover@2x.png */ = {isa = PBXFileReference; lastKnownFileType = image.png; path = "input-field-cover@2x.png"; sourceTree = "<group>"; };
		D12D653E133EAA3800BF53D0 /* MessageEntryBG.png */ = {isa = PBXFileReference; lastKnownFileType = image.png; path = MessageEntryBG.png; sourceTree = "<group>"; };
		D12D653F133EAA3800BF53D0 /* MessageEntryBG@2x.png */ = {isa = PBXFileReference; lastKnownFileType = image.png; path = "MessageEntryBG@2x.png"; sourceTree = "<group>"; };
		D12D6540133EAA3800BF53D0 /* SendButton.png */ = {isa = PBXFileReference; lastKnownFileType = image.png; path = SendButton.png; sourceTree = "<group>"; };
		D12D6541133EAA3800BF53D0 /* SendButton@2x.png */ = {isa = PBXFileReference; lastKnownFileType = image.png; path = "SendButton@2x.png"; sourceTree = "<group>"; };
		D12D6542133EAA3800BF53D0 /* SendButtonPressed.png */ = {isa = PBXFileReference; lastKnownFileType = image.png; path = SendButtonPressed.png; sourceTree = "<group>"; };
		D12D6543133EAA3800BF53D0 /* SendButtonPressed@2x.png */ = {isa = PBXFileReference; lastKnownFileType = image.png; path = "SendButtonPressed@2x.png"; sourceTree = "<group>"; };
		D18C778E1326F57B003974AA /* QuartzCore.framework */ = {isa = PBXFileReference; lastKnownFileType = wrapper.framework; name = QuartzCore.framework; path = System/Library/Frameworks/QuartzCore.framework; sourceTree = SDKROOT; };
		D18C779B1326F635003974AA /* MainWindow.xib */ = {isa = PBXFileReference; lastKnownFileType = file.xib; path = MainWindow.xib; sourceTree = "<group>"; };
		D1BE64C91348BFA200B448CA /* UPMessageInputFieldDelegate.h */ = {isa = PBXFileReference; fileEncoding = 4; lastKnownFileType = sourcecode.c.h; path = UPMessageInputFieldDelegate.h; sourceTree = "<group>"; };
		D1BE672B1349229100B448CA /* UPMessageTableViewCell.h */ = {isa = PBXFileReference; fileEncoding = 4; lastKnownFileType = sourcecode.c.h; path = UPMessageTableViewCell.h; sourceTree = "<group>"; };
		D1BE672C1349229100B448CA /* UPMessageTableViewCell.m */ = {isa = PBXFileReference; fileEncoding = 4; lastKnownFileType = sourcecode.c.objc; path = UPMessageTableViewCell.m; sourceTree = "<group>"; };
/* End PBXFileReference section */

/* Begin PBXFrameworksBuildPhase section */
		1D60588F0D05DD3D006BFB54 /* Frameworks */ = {
			isa = PBXFrameworksBuildPhase;
			buildActionMask = 2147483647;
			files = (
				1D60589F0D05DD5A006BFB54 /* Foundation.framework in Frameworks */,
				1DF5F4E00D08C38300B7A737 /* UIKit.framework in Frameworks */,
				288765A50DF7441C002DB57D /* CoreGraphics.framework in Frameworks */,
				D18C778F1326F57B003974AA /* QuartzCore.framework in Frameworks */,
				D12D578C1339613500BF53D0 /* Security.framework in Frameworks */,
			);
			runOnlyForDeploymentPostprocessing = 0;
		};
/* End PBXFrameworksBuildPhase section */

/* Begin PBXGroup section */
		080E96DDFE201D6D7F000001 /* Classes */ = {
			isa = PBXGroup;
			children = (
				1D3623240D0F684500981E51 /* InstibotAppDelegate.h */,
				1D3623250D0F684500981E51 /* InstibotAppDelegate.m */,
				D12D626E133E42F500BF53D0 /* UPMessagesViewController.h */,
				D12D626F133E42F500BF53D0 /* UPMessagesViewController.m */,
				D12D6274133E441A00BF53D0 /* UPMessagesViewController.xib */,
				D12D629C133E47BA00BF53D0 /* UPMessageInputField.h */,
				D12D629D133E47BA00BF53D0 /* UPMessageInputField.m */,
				D1BE64C91348BFA200B448CA /* UPMessageInputFieldDelegate.h */,
				D1BE672B1349229100B448CA /* UPMessageTableViewCell.h */,
				D1BE672C1349229100B448CA /* UPMessageTableViewCell.m */,
			);
			path = Classes;
			sourceTree = "<group>";
		};
		19C28FACFE9D520D11CA2CBB /* Products */ = {
			isa = PBXGroup;
			children = (
				1D6058910D05DD3D006BFB54 /* instiBot.app */,
			);
			name = Products;
			sourceTree = "<group>";
		};
		29B97314FDCFA39411CA2CEA /* CustomTemplate */ = {
			isa = PBXGroup;
			children = (
				080E96DDFE201D6D7F000001 /* Classes */,
				29B97315FDCFA39411CA2CEA /* Other Sources */,
				29B97317FDCFA39411CA2CEA /* Resources */,
				29B97323FDCFA39411CA2CEA /* Frameworks */,
				19C28FACFE9D520D11CA2CBB /* Products */,
			);
			name = CustomTemplate;
			sourceTree = "<group>";
		};
		29B97315FDCFA39411CA2CEA /* Other Sources */ = {
			isa = PBXGroup;
			children = (
				32CA4F630368D1EE00C91783 /* instiBot_Prefix.pch */,
				29B97316FDCFA39411CA2CEA /* main.m */,
			);
			name = "Other Sources";
			sourceTree = "<group>";
		};
		29B97317FDCFA39411CA2CEA /* Resources */ = {
			isa = PBXGroup;
			children = (
				D12D6534133EAA3800BF53D0 /* images */,
				D18C77991326F635003974AA /* nibs */,
				8D1107310486CEB800E47090 /* instiBot-Info.plist */,
			);
			name = Resources;
			sourceTree = "<group>";
		};
		29B97323FDCFA39411CA2CEA /* Frameworks */ = {
			isa = PBXGroup;
			children = (
				1DF5F4DF0D08C38300B7A737 /* UIKit.framework */,
				1D30AB110D05D00D00671497 /* Foundation.framework */,
				288765A40DF7441C002DB57D /* CoreGraphics.framework */,
				D18C778E1326F57B003974AA /* QuartzCore.framework */,
				D12D578B1339613500BF53D0 /* Security.framework */,
			);
			name = Frameworks;
			sourceTree = "<group>";
		};
		D12D6534133EAA3800BF53D0 /* images */ = {
			isa = PBXGroup;
			children = (
				D12D6535133EAA3800BF53D0 /* 1000px-Universität_Potsdam_logo.svg.png */,
				D12D6536133EAA3800BF53D0 /* Balloon_1.png */,
				D12D6537133EAA3800BF53D0 /* Balloon_1@2x.png */,
				D12D6538133EAA3800BF53D0 /* Balloon_2.png */,
				D12D6539133EAA3800BF53D0 /* Balloon_2@2x.png */,
				D12D653A133EAA3800BF53D0 /* BalloonInputField.png */,
				D12D653B133EAA3800BF53D0 /* BalloonInputField@2x.png */,
				D12D653C133EAA3800BF53D0 /* input-field-cover.png */,
				D12D653D133EAA3800BF53D0 /* input-field-cover@2x.png */,
				D12D653E133EAA3800BF53D0 /* MessageEntryBG.png */,
				D12D653F133EAA3800BF53D0 /* MessageEntryBG@2x.png */,
				D12D6540133EAA3800BF53D0 /* SendButton.png */,
				D12D6541133EAA3800BF53D0 /* SendButton@2x.png */,
				D12D6542133EAA3800BF53D0 /* SendButtonPressed.png */,
				D12D6543133EAA3800BF53D0 /* SendButtonPressed@2x.png */,
			);
			path = images;
			sourceTree = "<group>";
		};
		D18C77991326F635003974AA /* nibs */ = {
			isa = PBXGroup;
			children = (
				D18C779B1326F635003974AA /* MainWindow.xib */,
			);
			path = nibs;
			sourceTree = "<group>";
		};
/* End PBXGroup section */

/* Begin PBXNativeTarget section */
		1D6058900D05DD3D006BFB54 /* instiBot */ = {
			isa = PBXNativeTarget;
			buildConfigurationList = 1D6058960D05DD3E006BFB54 /* Build configuration list for PBXNativeTarget "instiBot" */;
			buildPhases = (
				1D60588D0D05DD3D006BFB54 /* Resources */,
				1D60588E0D05DD3D006BFB54 /* Sources */,
				1D60588F0D05DD3D006BFB54 /* Frameworks */,
			);
			buildRules = (
			);
			dependencies = (
			);
			name = instiBot;
			productName = instiBot;
			productReference = 1D6058910D05DD3D006BFB54 /* instiBot.app */;
			productType = "com.apple.product-type.application";
		};
/* End PBXNativeTarget section */

/* Begin PBXProject section */
		29B97313FDCFA39411CA2CEA /* Project object */ = {
			isa = PBXProject;
			buildConfigurationList = C01FCF4E08A954540054247B /* Build configuration list for PBXProject "instiBot" */;
			compatibilityVersion = "Xcode 3.1";
			developmentRegion = English;
			hasScannedForEncodings = 1;
			knownRegions = (
				English,
				Japanese,
				French,
				German,
			);
			mainGroup = 29B97314FDCFA39411CA2CEA /* CustomTemplate */;
			projectDirPath = "";
			projectRoot = "";
			targets = (
				1D6058900D05DD3D006BFB54 /* instiBot */,
			);
		};
/* End PBXProject section */

/* Begin PBXResourcesBuildPhase section */
		1D60588D0D05DD3D006BFB54 /* Resources */ = {
			isa = PBXResourcesBuildPhase;
			buildActionMask = 2147483647;
			files = (
				D18C779D1326F635003974AA /* MainWindow.xib in Resources */,
				D12D6275133E441A00BF53D0 /* UPMessagesViewController.xib in Resources */,
				D12D6544133EAA3800BF53D0 /* 1000px-Universität_Potsdam_logo.svg.png in Resources */,
				D12D6545133EAA3800BF53D0 /* Balloon_1.png in Resources */,
				D12D6546133EAA3800BF53D0 /* Balloon_1@2x.png in Resources */,
				D12D6547133EAA3800BF53D0 /* Balloon_2.png in Resources */,
				D12D6548133EAA3800BF53D0 /* Balloon_2@2x.png in Resources */,
				D12D6549133EAA3800BF53D0 /* BalloonInputField.png in Resources */,
				D12D654A133EAA3800BF53D0 /* BalloonInputField@2x.png in Resources */,
				D12D654B133EAA3800BF53D0 /* input-field-cover.png in Resources */,
				D12D654C133EAA3800BF53D0 /* input-field-cover@2x.png in Resources */,
				D12D654D133EAA3800BF53D0 /* MessageEntryBG.png in Resources */,
				D12D654E133EAA3800BF53D0 /* MessageEntryBG@2x.png in Resources */,
				D12D654F133EAA3800BF53D0 /* SendButton.png in Resources */,
				D12D6550133EAA3800BF53D0 /* SendButton@2x.png in Resources */,
				D12D6551133EAA3800BF53D0 /* SendButtonPressed.png in Resources */,
				D12D6552133EAA3800BF53D0 /* SendButtonPressed@2x.png in Resources */,
			);
			runOnlyForDeploymentPostprocessing = 0;
		};
/* End PBXResourcesBuildPhase section */

/* Begin PBXSourcesBuildPhase section */
		1D60588E0D05DD3D006BFB54 /* Sources */ = {
			isa = PBXSourcesBuildPhase;
			buildActionMask = 2147483647;
			files = (
				1D60589B0D05DD56006BFB54 /* main.m in Sources */,
				1D3623260D0F684500981E51 /* InstibotAppDelegate.m in Sources */,
				D12D6271133E42F500BF53D0 /* UPMessagesViewController.m in Sources */,
				D12D629E133E47BA00BF53D0 /* UPMessageInputField.m in Sources */,
				D1BE672D1349229100B448CA /* UPMessageTableViewCell.m in Sources */,
			);
			runOnlyForDeploymentPostprocessing = 0;
		};
/* End PBXSourcesBuildPhase section */

/* Begin XCBuildConfiguration section */
		1D6058940D05DD3E006BFB54 /* Debug */ = {
			isa = XCBuildConfiguration;
			buildSettings = {
				ALWAYS_SEARCH_USER_PATHS = NO;
				COPY_PHASE_STRIP = NO;
				GCC_DYNAMIC_NO_PIC = NO;
				GCC_OPTIMIZATION_LEVEL = 0;
				GCC_PRECOMPILE_PREFIX_HEADER = YES;
				GCC_PREFIX_HEADER = instiBot_Prefix.pch;
				HEADER_SEARCH_PATHS = ssmessagesviewcontroller/Demo/SSToolkit/;
				INFOPLIST_FILE = "instiBot-Info.plist";
				PRODUCT_NAME = instiBot;
			};
			name = Debug;
		};
		1D6058950D05DD3E006BFB54 /* Release */ = {
			isa = XCBuildConfiguration;
			buildSettings = {
				ALWAYS_SEARCH_USER_PATHS = NO;
				COPY_PHASE_STRIP = YES;
				GCC_PRECOMPILE_PREFIX_HEADER = YES;
				GCC_PREFIX_HEADER = instiBot_Prefix.pch;
				HEADER_SEARCH_PATHS = ssmessagesviewcontroller/Demo/SSToolkit/;
				INFOPLIST_FILE = "instiBot-Info.plist";
				PRODUCT_NAME = instiBot;
				VALIDATE_PRODUCT = YES;
			};
			name = Release;
		};
		C01FCF4F08A954540054247B /* Debug */ = {
			isa = XCBuildConfiguration;
			buildSettings = {
				ALWAYS_SEARCH_USER_PATHS = NO;
				ARCHS = "$(ARCHS_STANDARD_32_BIT)";
				"CODE_SIGN_IDENTITY[sdk=iphoneos*]" = "iPhone Developer";
				GCC_C_LANGUAGE_STANDARD = c99;
				GCC_WARN_ABOUT_RETURN_TYPE = YES;
				GCC_WARN_UNUSED_VARIABLE = YES;
				HEADER_SEARCH_PATHS = ssmessagesviewcontroller/Demo/SSToolkit/;
				OTHER_LDFLAGS = (
					"-all_load",
					"-ObjC",
				);
				PREBINDING = NO;
				SDKROOT = iphoneos;
			};
			name = Debug;
		};
		C01FCF5008A954540054247B /* Release */ = {
			isa = XCBuildConfiguration;
			buildSettings = {
				ALWAYS_SEARCH_USER_PATHS = NO;
				ARCHS = "$(ARCHS_STANDARD_32_BIT)";
				"CODE_SIGN_IDENTITY[sdk=iphoneos*]" = "iPhone Developer";
				GCC_C_LANGUAGE_STANDARD = c99;
				GCC_WARN_ABOUT_RETURN_TYPE = YES;
				GCC_WARN_UNUSED_VARIABLE = YES;
				HEADER_SEARCH_PATHS = ssmessagesviewcontroller/Demo/SSToolkit/;
				OTHER_CFLAGS = "-DNS_BLOCK_ASSERTIONS=1";
				OTHER_LDFLAGS = (
					"-all_load",
					"-ObjC",
				);
				PREBINDING = NO;
				SDKROOT = iphoneos;
			};
			name = Release;
		};
/* End XCBuildConfiguration section */

/* Begin XCConfigurationList section */
		1D6058960D05DD3E006BFB54 /* Build configuration list for PBXNativeTarget "instiBot" */ = {
			isa = XCConfigurationList;
			buildConfigurations = (
				1D6058940D05DD3E006BFB54 /* Debug */,
				1D6058950D05DD3E006BFB54 /* Release */,
			);
			defaultConfigurationIsVisible = 0;
			defaultConfigurationName = Release;
		};
		C01FCF4E08A954540054247B /* Build configuration list for PBXProject "instiBot" */ = {
			isa = XCConfigurationList;
			buildConfigurations = (
				C01FCF4F08A954540054247B /* Debug */,
				C01FCF5008A954540054247B /* Release */,
			);
			defaultConfigurationIsVisible = 0;
			defaultConfigurationName = Release;
		};
/* End XCConfigurationList section */
	};
	rootObject = 29B97313FDCFA39411CA2CEA /* Project object */;
}
